
Microsoft Visual Studio Solution File, Format Version 12.00
# Visual Studio 15
VisualStudioVersion = 15.0.27130.2026
MinimumVisualStudioVersion = 10.0.40219.1
Project("{FAE04EC0-301F-11D3-BF4B-00C04F79EFBC}") = "Gradients", "Gradients\Gradients.csproj", "{22BF78B9-6362-4F3C-A3B1-76F6B295B4FC}"
EndProject
Global
	GlobalSection(SolutionConfigurationPlatforms) = preSolution
		Debug|Any CPU = Debug|Any CPU
		Release|Any CPU = Release|Any CPU
	EndGlobalSection
	GlobalSection(ProjectConfigurationPlatforms) = postSolution
		{22BF78B9-6362-4F3C-A3B1-76F6B295B4FC}.Debug|Any CPU.ActiveCfg = Debug|Any CPU
		{22BF78B9-6362-4F3C-A3B1-76F6B295B4FC}.Debug|Any CPU.Build.0 = Debug|Any CPU
		{22BF78B9-6362-4F3C-A3B1-76F6B295B4FC}.Release|Any CPU.ActiveCfg = Release|Any CPU
		{22BF78B9-6362-4F3C-A3B1-76F6B295B4FC}.Release|Any CPU.Build.0 = Release|Any CPU
	EndGlobalSection
	GlobalSection(SolutionProperties) = preSolution
		HideSolutionNode = FALSE
	EndGlobalSection
	GlobalSection(ExtensibilityGlobals) = postSolution
		SolutionGuid = {A1D95C33-4AFA-49B9-8527-EDA386AA17EB}
	EndGlobalSection
EndGlobal
